<?xml version="1.0" encoding="utf-8"?>
<Project ToolsVersion="4.0" xmlns="http://schemas.microsoft.com/developer/msbuild/2003">
  <ItemGroup>
    <ClCompile Include="..\..\src\starterbot\main.cpp" />
    <ClCompile Include="..\..\src\starterbot\MapTools.cpp" />
    <ClCompile Include="..\..\src\starterbot\ReplayParser.cpp" />
    <ClCompile Include="..\..\src\starterbot\StarterBot.cpp" />
    <ClCompile Include="..\..\src\starterbot\Tools.cpp" />
    <ClCompile Include="..\..\src\starterbot\BT\BT_LEAF.cpp">
      <Filter>BT</Filter>
    </ClCompile>
    <ClCompile Include="..\..\src\starterbot\BT\BT_NODE.cpp">
      <Filter>BT</Filter>
    </ClCompile>
    <ClCompile Include="..\..\src\starterbot\BT\BT_SELECTOR.cpp">
      <Filter>BT</Filter>
    </ClCompile>
    <ClCompile Include="..\..\src\starterbot\BT\BT_SEQUENCER.cpp">
      <Filter>BT</Filter>
    </ClCompile>
    <ClCompile Include="..\..\src\starterbot\BT\BT_DECORATOR.cpp">
      <Filter>BT</Filter>
    </ClCompile>
    <ClCompile Include="..\..\src\starterbot\BT\BT_DECO_CONDITION.cpp">
      <Filter>BT</Filter>
    </ClCompile>
    <ClCompile Include="..\..\src\starterbot\BT\BT_DECO_INVERTER.cpp">
      <Filter>BT</Filter>
    </ClCompile>
    <ClCompile Include="..\..\src\starterbot\BT\BT_DECO_REPEATER.cpp">
      <Filter>BT</Filter>
    </ClCompile>
    <ClCompile Include="..\..\src\starterbot\BT\BT_DECO_UNTIL_FAILURE.cpp">
      <Filter>BT</Filter>
    </ClCompile>
    <ClCompile Include="..\..\src\starterbot\BT\BT_DECO_UNTIL_SUCCESS.cpp">
      <Filter>BT</Filter>
    </ClCompile>
    <ClCompile Include="..\..\src\starterbot\BT\BT_DECO_RETURN_FAILURE.cpp">
      <Filter>BT</Filter>
    </ClCompile>
    <ClCompile Include="..\..\src\starterbot\BT\BT_DECO_RETURN_SUCCESS.cpp">
      <Filter>BT</Filter>
    </ClCompile>
    <ClCompile Include="..\..\src\starterbot\BT\BT_ACTION.cpp">
      <Filter>BT</Filter>
    </ClCompile>
    <ClCompile Include="..\..\src\starterbot\BT\BT_ACTION_IDLE.cpp">
      <Filter>BT</Filter>
    </ClCompile>
    <ClCompile Include="..\..\src\starterbot\BT\BT_ACTION_WAIT.cpp">
      <Filter>BT</Filter>
    </ClCompile>
    <ClCompile Include="..\..\src\starterbot\BT\BT_PARALLEL_SEQUENCER.cpp">
      <Filter>BT</Filter>
    </ClCompile>
    <ClCompile Include="..\..\src\starterbot\BT\BT_PARALLEL_SELECTOR.cpp">
      <Filter>BT</Filter>
    </ClCompile>
    <ClCompile Include="..\..\src\starterbot\BT\BT_STARCRAFT\BT_ACTION_SEND_IDLE_WORKER_TO_MINERALS.cpp">
      <Filter>BT\BT_STARCRAFT</Filter>
    </ClCompile>
    <ClCompile Include="..\..\src\starterbot\BT\BT_STARCRAFT\BT_DECO_CONDITION_NOT_ENOUGH_WORKERS.cpp">
      <Filter>BT\BT_STARCRAFT</Filter>
    </ClCompile>
    <ClCompile Include="..\..\src\starterbot\BT\BT_STARCRAFT\BT_DECO_CONDITION_NOT_ENOUGH_SUPPLY.cpp">
      <Filter>BT\BT_STARCRAFT</Filter>
    </ClCompile>
    <ClCompile Include="..\..\src\starterbot\BT\BT_STARCRAFT\BT_ACTION_BUILD_SUPPLY_PROVIDER.cpp">
      <Filter>BT\BT_STARCRAFT</Filter>
    </ClCompile>
    <ClCompile Include="..\..\src\starterbot\BT\BT_DECO_COND_GREATER_THAN.cpp">
      <Filter>BT</Filter>
    </ClCompile>
    <ClCompile Include="..\..\src\starterbot\BT\BT_DECO_COND_LESSER_THAN.cpp">
      <Filter>BT</Filter>
    </ClCompile>
    <ClCompile Include="..\..\src\starterbot\BT\BT_ACTION_LOG.cpp">
      <Filter>BT</Filter>
    </ClCompile>
    <ClCompile Include="..\..\src\starterbot\BT\BT_CONDITION.cpp">
      <Filter>BT</Filter>
    </ClCompile>
    <ClCompile Include="..\..\src\starterbot\BT\BT_COND_GREATER_THAN.cpp">
      <Filter>BT</Filter>
    </ClCompile>
    <ClCompile Include="..\..\src\starterbot\BT\BT_COND_LESSER_THAN.cpp">
      <Filter>BT</Filter>
    </ClCompile>
    <ClCompile Include="..\..\src\starterbot\BuildOrder.cpp" />
    <ClCompile Include="..\..\src\starterbot\BuildOrderTools.cpp" />
    <ClCompile Include="..\..\src\starterbot\Job.cpp" />
    <ClCompile Include="..\..\src\starterbot\BT\BT_STARCRAFT\BT_DECO_CONDITION_BUILD_ORDER_FINISHED.cpp">
      <Filter>BT\BT_STARCRAFT</Filter>
    </ClCompile>
    <ClCompile Include="..\..\src\starterbot\TargetingTools.cpp" />
    <ClCompile Include="..\..\src\starterbot\BT\BT_COND_NOTHING_REQUESTED.cpp">
      <Filter>BT</Filter>
    </ClCompile>
    <ClCompile Include="..\..\src\starterbot\BT\BT_STARCRAFT\BT_ACTION_GO_TO_ENEMY_BASE.cpp">
      <Filter>BT\BT_STARCRAFT</Filter>
    </ClCompile>
    <ClCompile Include="..\..\src\starterbot\BT\BT_STARCRAFT\BT_ACTION_TRAIN_UNIT.cpp">
      <Filter>BT\BT_STARCRAFT</Filter>
    </ClCompile>
    <ClCompile Include="..\..\src\starterbot\BT\BT_STARCRAFT\BT_ACTION_BUILD.cpp">
      <Filter>BT\BT_STARCRAFT</Filter>
    </ClCompile>
    <ClCompile Include="..\..\src\starterbot\BT\BT_STARCRAFT\BT_COND_VISIBLE.cpp">
      <Filter>BT\BT_STARCRAFT</Filter>
    </ClCompile>
    <ClCompile Include="..\..\src\starterbot\BT\BT_STARCRAFT\BT_COND_EXPLORED.cpp">
      <Filter>BT\BT_STARCRAFT</Filter>
    </ClCompile>
    <ClCompile Include="..\..\src\starterbot\Source.cpp" />
    <ClCompile Include="..\..\src\starterbot\ForceTools.cpp" />
    <ClCompile Include="..\..\src\starterbot\BT\BT_STARCRAFT\BT_ACTION_MOVE_ALL_ZERGLINGS_TO_ENEMY_BASE.cpp">
      <Filter>BT\BT_STARCRAFT</Filter>
    </ClCompile>
    <ClCompile Include="..\..\src\starterbot\BT\BT_STARCRAFT\BT_DECO_CONDITION_UNIT_IDLE.cpp">
      <Filter>BT\BT_STARCRAFT</Filter>
    </ClCompile>
    <ClCompile Include="..\..\src\starterbot\BT\BT_STARCRAFT\BT_DECO_UNIT_CONDITION.cpp">
      <Filter>BT\BT_STARCRAFT</Filter>
    </ClCompile>
    <ClCompile Include="..\..\src\starterbot\BT\BT_STARCRAFT\BT_DECO_CONDITION_NOT_ENOUGH_UNIT.cpp">
      <Filter>BT\BT_STARCRAFT</Filter>
    </ClCompile>
    <ClCompile Include="..\..\src\starterbot\BT\BT_STARCRAFT\BT_DECO_CONDITION_NOT_ENOUGH_OVERLORDS.cpp">
      <Filter>BT\BT_STARCRAFT</Filter>
    </ClCompile>
    <ClCompile Include="..\..\src\starterbot\Squad.cpp" />
    <ClCompile Include="..\..\src\starterbot\OwnedBase.cpp" />
    <ClCompile Include="..\..\src\starterbot\BT\BT_STARCRAFT\BT_DECO_CONDITION_UNIT_IS_IN_ENEMY_BASE.cpp">
      <Filter>BT\BT_STARCRAFT</Filter>
    </ClCompile>
    <ClCompile Include="..\..\src\starterbot\BT\BT_STARCRAFT\BT_ACTION_SMART_ATTACK.cpp">
      <Filter>BT\BT_STARCRAFT</Filter>
    </ClCompile>
  </ItemGroup>
  <ItemGroup>
    <ClInclude Include="..\..\src\starterbot\Grid.hpp" />
    <ClInclude Include="..\..\src\starterbot\MapTools.h" />
    <ClInclude Include="..\..\src\starterbot\ReplayParser.h" />
    <ClInclude Include="..\..\src\starterbot\StarterBot.h" />
    <ClInclude Include="..\..\src\starterbot\Tools.h" />
    <ClInclude Include="..\..\src\starterbot\BT\BT_LEAF.h">
      <Filter>BT</Filter>
    </ClInclude>
    <ClInclude Include="..\..\src\starterbot\BT\BT_NODE.h">
      <Filter>BT</Filter>
    </ClInclude>
    <ClInclude Include="..\..\src\starterbot\BT\BT_SELECTOR.h">
      <Filter>BT</Filter>
    </ClInclude>
    <ClInclude Include="..\..\src\starterbot\BT\BT_SEQUENCER.h">
      <Filter>BT</Filter>
    </ClInclude>
    <ClInclude Include="..\..\src\starterbot\BT\Blackboard.h">
      <Filter>BT</Filter>
    </ClInclude>
    <ClInclude Include="..\..\src\starterbot\BT\BT_DECORATOR.h">
      <Filter>BT</Filter>
    </ClInclude>
    <ClInclude Include="..\..\src\starterbot\BT\BT_DECO_CONDITION.h">
      <Filter>BT</Filter>
    </ClInclude>
    <ClInclude Include="..\..\src\starterbot\BT\BT_DECO_INVERTER.h">
      <Filter>BT</Filter>
    </ClInclude>
    <ClInclude Include="..\..\src\starterbot\BT\BT_DECO_REPEATER.h">
      <Filter>BT</Filter>
    </ClInclude>
    <ClInclude Include="..\..\src\starterbot\BT\BT_DECO_UNTIL_FAILURE.h">
      <Filter>BT</Filter>
    </ClInclude>
    <ClInclude Include="..\..\src\starterbot\BT\BT_DECO_UNTIL_SUCCESS.h">
      <Filter>BT</Filter>
    </ClInclude>
    <ClInclude Include="..\..\src\starterbot\BT\BT_DECO_RETURN_FAILURE.h">
      <Filter>BT</Filter>
    </ClInclude>
    <ClInclude Include="..\..\src\starterbot\BT\BT_DECO_RETURN_SUCCESS.h">
      <Filter>BT</Filter>
    </ClInclude>
    <ClInclude Include="..\..\src\starterbot\BT\BT_ACTION.h">
      <Filter>BT</Filter>
    </ClInclude>
    <ClInclude Include="..\..\src\starterbot\BT\BT_ACTION_IDLE.h">
      <Filter>BT</Filter>
    </ClInclude>
    <ClInclude Include="..\..\src\starterbot\BT\BT_ACTION_WAIT.h">
      <Filter>BT</Filter>
    </ClInclude>
    <ClInclude Include="..\..\src\starterbot\BT\BT_PARALLEL_SEQUENCER.h">
      <Filter>BT</Filter>
    </ClInclude>
    <ClInclude Include="..\..\src\starterbot\BT\BT_PARALLEL_SELECTOR.h">
      <Filter>BT</Filter>
    </ClInclude>
    <ClInclude Include="..\..\src\starterbot\BT\BT.h">
      <Filter>BT</Filter>
    </ClInclude>
    <ClInclude Include="..\..\src\starterbot\BT\BT_STARCRAFT\BT_ACTION_SEND_IDLE_WORKER_TO_MINERALS.h">
      <Filter>BT\BT_STARCRAFT</Filter>
    </ClInclude>
    <ClInclude Include="..\..\src\starterbot\BT\BT_STARCRAFT\BT_DECO_CONDITION_NOT_ENOUGH_WORKERS.h">
      <Filter>BT\BT_STARCRAFT</Filter>
    </ClInclude>
    <ClInclude Include="..\..\src\starterbot\BT\BT_STARCRAFT\BT_DECO_CONDITION_NOT_ENOUGH_SUPPLY.h">
      <Filter>BT\BT_STARCRAFT</Filter>
    </ClInclude>
    <ClInclude Include="..\..\src\starterbot\BT\BT_STARCRAFT\BT_ACTION_BUILD_SUPPLY_PROVIDER.h">
      <Filter>BT\BT_STARCRAFT</Filter>
    </ClInclude>
    <ClInclude Include="..\..\src\starterbot\BT\BT_DECO_COND_GREATER_THAN.h">
      <Filter>BT</Filter>
    </ClInclude>
    <ClInclude Include="..\..\src\starterbot\BT\BT_DECO_COND_LESSER_THAN.h">
      <Filter>BT</Filter>
    </ClInclude>
    <ClInclude Include="..\..\src\starterbot\BT\BT_ACTION_LOG.h">
      <Filter>BT</Filter>
    </ClInclude>
    <ClInclude Include="..\..\src\starterbot\BT\BT_CONDITION.h">
      <Filter>BT</Filter>
    </ClInclude>
    <ClInclude Include="..\..\src\starterbot\BT\BT_COND_GREATER_THAN.h">
      <Filter>BT</Filter>
    </ClInclude>
    <ClInclude Include="..\..\src\starterbot\BT\BT_COND_LESSER_THAN.h">
      <Filter>BT</Filter>
    </ClInclude>
    <ClInclude Include="..\..\src\starterbot\BuildOrder.h" />
    <ClInclude Include="..\..\src\starterbot\BuildOrderTools.h" />
    <ClInclude Include="..\..\src\starterbot\Job.h" />
    <ClInclude Include="..\..\src\starterbot\BT\BT_STARCRAFT\BT_DECO_CONDITION_BUILD_ORDER_FINISHED.h">
      <Filter>BT\BT_STARCRAFT</Filter>
    </ClInclude>
    <ClInclude Include="..\..\src\starterbot\TargetingTools.h" />
    <ClInclude Include="..\..\src\starterbot\BT\BT_COND_NOTHING_REQUESTED.h">
      <Filter>BT</Filter>
    </ClInclude>
    <ClInclude Include="..\..\src\starterbot\BT\BT_STARCRAFT\BT_ACTION_GO_TO_ENEMY_BASE.h">
      <Filter>BT\BT_STARCRAFT</Filter>
    </ClInclude>
    <ClInclude Include="..\..\src\starterbot\BT\BT_STARCRAFT\BT_ACTION_TRAIN_UNIT.h">
      <Filter>BT\BT_STARCRAFT</Filter>
    </ClInclude>
    <ClInclude Include="..\..\src\starterbot\BT\BT_STARCRAFT\BT_ACTION_BUILD.h">
      <Filter>BT\BT_STARCRAFT</Filter>
    </ClInclude>
    <ClInclude Include="..\..\src\starterbot\BT\BT_STARCRAFT\BT_COND_VISIBLE.h">
      <Filter>BT\BT_STARCRAFT</Filter>
    </ClInclude>
    <ClInclude Include="..\..\src\starterbot\BT\BT_STARCRAFT\BT_COND_EXPLORED.h">
      <Filter>BT\BT_STARCRAFT</Filter>
    </ClInclude>
    <ClInclude Include="..\..\src\starterbot\ForceTools.h" />
    <ClInclude Include="..\..\src\starterbot\BT\BT_STARCRAFT\BT_ACTION_MOVE_ALL_ZERGLINGS_TO_ENEMY_BASE.h">
      <Filter>BT\BT_STARCRAFT</Filter>
    </ClInclude>
    <ClInclude Include="..\..\src\starterbot\OverlordUtils.h" />
    <ClInclude Include="..\..\src\starterbot\ZerglingUtils.h" />
    <ClInclude Include="..\..\src\starterbot\OwnedBase.h" />
    <ClInclude Include="..\..\src\starterbot\Squad.h" />
    <ClInclude Include="..\..\src\starterbot\BT\BT_STARCRAFT\BT_DECO_CONDITION_NOT_ENOUGH_OVERLORDS.h">
      <Filter>BT\BT_STARCRAFT</Filter>
    </ClInclude>
    <ClInclude Include="..\..\src\starterbot\BT\BT_STARCRAFT\BT_DECO_CONDITION_NOT_ENOUGH_UNIT.h">
      <Filter>BT\BT_STARCRAFT</Filter>
    </ClInclude>
    <ClInclude Include="..\..\src\starterbot\BT\BT_STARCRAFT\BT_DECO_CONDITION_UNIT_IDLE.h">
      <Filter>BT\BT_STARCRAFT</Filter>
    </ClInclude>
    <ClInclude Include="..\..\src\starterbot\BT\BT_STARCRAFT\BT_DECO_UNIT_CONDITION.h">
      <Filter>BT\BT_STARCRAFT</Filter>
    </ClInclude>
    <ClInclude Include="..\..\src\starterbot\BT\BT_STARCRAFT\BT_DECO_CONDITION_UNIT_IS_IN_ENEMY_BASE.h">
      <Filter>BT\BT_STARCRAFT</Filter>
    </ClInclude>
    <ClInclude Include="..\..\src\starterbot\BT\BT_STARCRAFT\BT_ACTION_SMART_ATTACK.h">
      <Filter>BT\BT_STARCRAFT</Filter>
    </ClInclude>
  </ItemGroup>
  <ItemGroup>
    <Filter Include="BT">
      <UniqueIdentifier>{9e93f9f9-4795-47a9-a520-25d6276733ec}</UniqueIdentifier>
    </Filter>
    <Filter Include="BT\BT_STARCRAFT">
      <UniqueIdentifier>{f7d3a676-4252-4269-9d78-432aabc0f416}</UniqueIdentifier>
    </Filter>
  </ItemGroup>
</Project>